
Microsoft Visual Studio Solution File, Format Version 12.00
# Visual Studio Version 17
VisualStudioVersion = 17.9.34607.119
MinimumVisualStudioVersion = 10.0.40219.1
Project("{9A19103F-16F7-4668-BE54-9A1E7A4F7556}") = "ASP_RESTful_API", "ASP_RESTful_API\ASP_RESTful_API.csproj", "{547568EC-AA57-470C-A1C3-4FCBDDA541BE}"
EndProject
Global
	GlobalSection(SolutionConfigurationPlatforms) = preSolution
		Debug|Any CPU = Debug|Any CPU
		Release|Any CPU = Release|Any CPU
	EndGlobalSection
	GlobalSection(ProjectConfigurationPlatforms) = postSolution
		{547568EC-AA57-470C-A1C3-4FCBDDA541BE}.Debug|Any CPU.ActiveCfg = Debug|Any CPU
		{547568EC-AA57-470C-A1C3-4FCBDDA541BE}.Debug|Any CPU.Build.0 = Debug|Any CPU
		{547568EC-AA57-470C-A1C3-4FCBDDA541BE}.Release|Any CPU.ActiveCfg = Release|Any CPU
		{547568EC-AA57-470C-A1C3-4FCBDDA541BE}.Release|Any CPU.Build.0 = Release|Any CPU
	EndGlobalSection
	GlobalSection(SolutionProperties) = preSolution
		HideSolutionNode = FALSE
	EndGlobalSection
	GlobalSection(ExtensibilityGlobals) = postSolution
		SolutionGuid = {3A157A54-976F-4786-9E61-19217BDF6ACD}
	EndGlobalSection
EndGlobal
