
Microsoft Visual Studio Solution File, Format Version 12.00
# Visual Studio Version 17
VisualStudioVersion = 17.9.34607.119
MinimumVisualStudioVersion = 10.0.40219.1
Project("{FAE04EC0-301F-11D3-BF4B-00C04F79EFBC}") = "ASP_BasicAPI", "ASP_BasicAPI\ASP_BasicAPI.csproj", "{D619B8AD-3FD6-4AD5-8A95-016C4F6AE3DB}"
EndProject
Global
	GlobalSection(SolutionConfigurationPlatforms) = preSolution
		Debug|Any CPU = Debug|Any CPU
		Release|Any CPU = Release|Any CPU
	EndGlobalSection
	GlobalSection(ProjectConfigurationPlatforms) = postSolution
		{D619B8AD-3FD6-4AD5-8A95-016C4F6AE3DB}.Debug|Any CPU.ActiveCfg = Debug|Any CPU
		{D619B8AD-3FD6-4AD5-8A95-016C4F6AE3DB}.Debug|Any CPU.Build.0 = Debug|Any CPU
		{D619B8AD-3FD6-4AD5-8A95-016C4F6AE3DB}.Release|Any CPU.ActiveCfg = Release|Any CPU
		{D619B8AD-3FD6-4AD5-8A95-016C4F6AE3DB}.Release|Any CPU.Build.0 = Release|Any CPU
	EndGlobalSection
	GlobalSection(SolutionProperties) = preSolution
		HideSolutionNode = FALSE
	EndGlobalSection
	GlobalSection(ExtensibilityGlobals) = postSolution
		SolutionGuid = {3A157A54-976F-4786-9E61-19217BDF6ACD}
	EndGlobalSection
EndGlobal
